
Microsoft Visual Studio Solution File, Format Version 12.00
# Visual Studio Version 17
VisualStudioVersion = 17.11.35222.181
MinimumVisualStudioVersion = 10.0.40219.1
Project("{FAE04EC0-301F-11D3-BF4B-00C04F79EFBC}") = "Asynkbazi", "Asynkbazi\Asynkbazi.csproj", "{41F6B7A1-13EA-4E74-B2FC-7DCAE67C8800}"
EndProject
Global
	GlobalSection(SolutionConfigurationPlatforms) = preSolution
		Debug|Any CPU = Debug|Any CPU
		Release|Any CPU = Release|Any CPU
	EndGlobalSection
	GlobalSection(ProjectConfigurationPlatforms) = postSolution
		{41F6B7A1-13EA-4E74-B2FC-7DCAE67C8800}.Debug|Any CPU.ActiveCfg = Debug|Any CPU
		{41F6B7A1-13EA-4E74-B2FC-7DCAE67C8800}.Debug|Any CPU.Build.0 = Debug|Any CPU
		{41F6B7A1-13EA-4E74-B2FC-7DCAE67C8800}.Release|Any CPU.ActiveCfg = Release|Any CPU
		{41F6B7A1-13EA-4E74-B2FC-7DCAE67C8800}.Release|Any CPU.Build.0 = Release|Any CPU
	EndGlobalSection
	GlobalSection(SolutionProperties) = preSolution
		HideSolutionNode = FALSE
	EndGlobalSection
	GlobalSection(ExtensibilityGlobals) = postSolution
		SolutionGuid = {C6FDA272-2E29-4D70-A19E-0B73B9C6AA7B}
	EndGlobalSection
EndGlobal
